{
  "name": "@mamund/alps-doc",
  "version": "1.0.1",
  "lockfileVersion": 1,
  "requires": true,
  "dependencies": {
    "@jsep-plugin/assignment": {
      "version": "1.3.0",
      "resolved": "https://registry.npmjs.org/@jsep-plugin/assignment/-/assignment-1.3.0.tgz",
      "integrity": "sha512-VVgV+CXrhbMI3aSusQyclHkenWSAm95WaiKrMxRFam3JSUiIaQjoMIw2sEs/OX4XifnqeQUN4DYbJjlA8EfktQ=="
    },
    "@jsep-plugin/regex": {
      "version": "1.0.4",
      "resolved": "https://registry.npmjs.org/@jsep-plugin/regex/-/regex-1.0.4.tgz",
      "integrity": "sha512-q7qL4Mgjs1vByCaTnDFcBnV9HS7GVPJX5vyVoCgZHNSC9rjwIlmbXG5sUuorR5ndfHAIlJ8pVStxvjXHbNvtUg=="
    },
    "commander": {
      "version": "2.20.0",
      "resolved": "https://registry.npmjs.org/commander/-/commander-2.20.0.tgz",
      "integrity": "sha512-7j2y+40w61zy6YC2iRNpUe/NwhNyoXrYpHMrSunaMG64nRnaf96zO/KMQR4OyN/UnE5KLyEBnKHd4aG3rskjpQ=="
    },
    "indento": {
      "version": "1.1.12",
      "resolved": "https://registry.npmjs.org/indento/-/indento-1.1.12.tgz",
      "integrity": "sha512-hWlFlRL6dd06MU5SsOZZ6kzO7t/7ZjcxWh1Yf/MjGtyKQMC8SPS5GbZ2XqMBGaGn+HM2QQawYxSLtS7Zv0w0BQ=="
    },
    "jsep": {
      "version": "1.4.0",
      "resolved": "https://registry.npmjs.org/jsep/-/jsep-1.4.0.tgz",
      "integrity": "sha512-B7qPcEVE3NVkmSJbaYxvv4cHkVW7DQsZz13pUMrfS8z8Q/BuShN+gcTXrUlPiGqM2/t/EEaI030bpxMqY8gMlw=="
    },
    "json2md": {
      "version": "1.6.5",
      "resolved": "https://registry.npmjs.org/json2md/-/json2md-1.6.5.tgz",
      "integrity": "sha512-Q2SV+GwlWB3+3MyWP9UNZqDF1Pkeh7pJh1QChup6vGRem3ONA/8MOnxfe8MiqgEhv6Pb8g8MzTSqFBHEczMhBA==",
      "requires": {
        "indento": "^1.1.7"
      }
    },
    "jsonpath-plus": {
      "version": "10.0.7",
      "resolved": "https://registry.npmjs.org/jsonpath-plus/-/jsonpath-plus-10.0.7.tgz",
      "integrity": "sha512-GDA8d8fu9+s4QzAzo5LMGiLL/9YjecAX+ytlnqdeXYpU55qME57StDgaHt9R2pA7Dr8U31nwzxNJMJiHkrkRgw==",
      "requires": {
        "@jsep-plugin/assignment": "^1.2.1",
        "@jsep-plugin/regex": "^1.0.3",
        "jsep": "^1.3.9"
      }
    }
  }
}
