{
  "name": "@mamund/alps-doc",
  "version": "1.0.0",
  "lockfileVersion": 1,
  "requires": true,
  "dependencies": {
    "commander": {
      "version": "2.15.1",
      "resolved": "https://registry.npmjs.org/commander/-/commander-2.15.1.tgz",
      "integrity": "sha512-VlfT9F3V0v+jr4yxPc5gg9s62/fIVWsd2Bk2iD435um1NlGMYdVCq+MjcXnhYq2icNOizHr1kK+5TI6H0Hy0ag=="
    },
    "indento": {
      "version": "1.1.11",
      "resolved": "https://registry.npmjs.org/indento/-/indento-1.1.11.tgz",
      "integrity": "sha512-49inTnR7L+joQk6KLS1hy8QW6nsH0LAqqb6qT9nxgD3VDVGAyPwkidO0dtjXPo+P8NlTZQphq61BA1cmxPVUyg=="
    },
    "json2md": {
      "version": "1.6.1",
      "resolved": "https://registry.npmjs.org/json2md/-/json2md-1.6.1.tgz",
      "integrity": "sha512-O/dYWihMsYRf1J9EqhMLvIDSles1LKPtJTiXD3/dcuezdvJVPygFid5s6BN1tKbGYJ5x5BBo2zFfKztttyQu3Q==",
      "requires": {
        "indento": "^1.1.7"
      }
    },
    "jsonpath-plus": {
      "version": "0.16.0",
      "resolved": "https://registry.npmjs.org/jsonpath-plus/-/jsonpath-plus-0.16.0.tgz",
      "integrity": "sha1-/kQbI/A+xpeaVgNROYjNPtt9tdw="
    }
  }
}
